PODS:
  - ActorKit/Core (0.55.0)
  - ActorKit/Promises (0.55.0):
    - ActorKit/Core
    - PromiseKit/CorePromise (~> 3.0)
  - ActorKit/Supervision (0.55.0):
    - ActorKit/Core
  - AFNetworking (2.6.3):
    - AFNetworking/NSURLConnection (= 2.6.3)
    - AFNetworking/NSURLSession (= 2.6.3)
    - AFNetworking/Reachability (= 2.6.3)
    - AFNetworking/Security (= 2.6.3)
    - AFNetworking/Serialization (= 2.6.3)
    - AFNetworking/UIKit (= 2.6.3)
  - AFNetworking/NSURLConnection (2.6.3):
    - AFNetworking/Reachability
    - AFNetworking/Security
    - AFNetworking/Serialization
  - AFNetworking/NSURLSession (2.6.3):
    - AFNetworking/Reachability
    - AFNetworking/Security
    - AFNetworking/Serialization
  - AFNetworking/Reachability (2.6.3)
  - AFNetworking/Security (2.6.3)
  - AFNetworking/Serialization (2.6.3)
  - AFNetworking/UIKit (2.6.3):
    - AFNetworking/NSURLConnection
    - AFNetworking/NSURLSession
  - PromiseKit/CorePromise (3.5.1)

DEPENDENCIES:
  - ActorKit/Promises
  - ActorKit/Supervision
  - AFNetworking (~> 2.6)

SPEC CHECKSUMS:
  ActorKit: acf17c8553ff228a56b02cea80a1c6fc6142b76b
  AFNetworking: cb8d14a848e831097108418f5d49217339d4eb60
  PromiseKit: 99ea973444a4bff6c38ffb97fa1bb175e619bcf0

PODFILE CHECKSUM: 9ece946ca2ec562c56609b7a1656237dad7e59d5

COCOAPODS: 1.0.1
