PODS:
  - ActorKit/Core (1.2.0)
  - ActorKit/Promises (1.2.0):
    - ActorKit/Core
    - PromiseKit/CorePromise (~> 4.0)
  - ActorKit/Supervision (1.2.0):
    - ActorKit/Core
  - PromiseKit/CorePromise (4.2.2)

DEPENDENCIES:
  - ActorKit/Promises
  - ActorKit/Supervision

SPEC CHECKSUMS:
  ActorKit: 8682f5b4a770d4c2e2ea0412e9868f8031e1bda6
  PromiseKit: 00e8886881f151c7e573d06b437915b0bb2970ec

PODFILE CHECKSUM: 00368e1d3ac5330c9b78a4aae6611824c247c25f

COCOAPODS: 1.2.1
